// !$*UTF8*$!
{
	archiveVersion = 1;
	classes = {
	};
	objectVersion = 46;
	objects = {

/* Begin PBXBuildFile section */
		1BA634351BA4AD1D0054A040 /* AppDelegate.swift in Sources */ = {isa = PBXBuildFile; fileRef = 1BA634341BA4AD1D0054A040 /* AppDelegate.swift */; };
		1BA634371BA4AD1D0054A040 /* ViewController.swift in Sources */ = {isa = PBXBuildFile; fileRef = 1BA634361BA4AD1D0054A040 /* ViewController.swift */; };
		1BA6343A1BA4AD1D0054A040 /* Main.storyboard in Resources */ = {isa = PBXBuildFile; fileRef = 1BA634381BA4AD1D0054A040 /* Main.storyboard */; };
		1BA6343C1BA4AD1D0054A040 /* Images.xcassets in Resources */ = {isa = PBXBuildFile; fileRef = 1BA6343B1BA4AD1D0054A040 /* Images.xcassets */; };
		1BA6343F1BA4AD1D0054A040 /* LaunchScreen.xib in Resources */ = {isa = PBXBuildFile; fileRef = 1BA6343D1BA4AD1D0054A040 /* LaunchScreen.xib */; };
		1BA6344B1BA4AD1D0054A040 /* lifeboard2Tests.swift in Sources */ = {isa = PBXBuildFile; fileRef = 1BA6344A1BA4AD1D0054A040 /* lifeboard2Tests.swift */; };
/* End PBXBuildFile section */

/* Begin PBXContainerItemProxy section */
		1BA634451BA4AD1D0054A040 /* PBXContainerItemProxy */ = {
			isa = PBXContainerItemProxy;
			containerPortal = 1BA634271BA4AD1D0054A040 /* Project object */;
			proxyType = 1;
			remoteGlobalIDString = 1BA6342E1BA4AD1D0054A040;
			remoteInfo = lifeboard2;
		};
/* End PBXContainerItemProxy section */

/* Begin PBXFileReference section */
		1BA6342F1BA4AD1D0054A040 /* lifeboard2.app */ = {isa = PBXFileReference; explicitFileType = wrapper.application; includeInIndex = 0; path = lifeboard2.app; sourceTree = BUILT_PRODUCTS_DIR; };
		1BA634331BA4AD1D0054A040 /* Info.plist */ = {isa = PBXFileReference; lastKnownFileType = text.plist.xml; path = Info.plist; sourceTree = "<group>"; };
		1BA634341BA4AD1D0054A040 /* AppDelegate.swift */ = {isa = PBXFileReference; lastKnownFileType = sourcecode.swift; path = AppDelegate.swift; sourceTree = "<group>"; };
		1BA634361BA4AD1D0054A040 /* ViewController.swift */ = {isa = PBXFileReference; lastKnownFileType = sourcecode.swift; path = ViewController.swift; sourceTree = "<group>"; };
		1BA634391BA4AD1D0054A040 /* Base */ = {isa = PBXFileReference; lastKnownFileType = file.storyboard; name = Base; path = Base.lproj/Main.storyboard; sourceTree = "<group>"; };
		1BA6343B1BA4AD1D0054A040 /* Images.xcassets */ = {isa = PBXFileReference; lastKnownFileType = folder.assetcatalog; path = Images.xcassets; sourceTree = "<group>"; };
		1BA6343E1BA4AD1D0054A040 /* Base */ = {isa = PBXFileReference; lastKnownFileType = file.xib; name = Base; path = Base.lproj/LaunchScreen.xib; sourceTree = "<group>"; };
		1BA634441BA4AD1D0054A040 /* lifeboard2Tests.xctest */ = {isa = PBXFileReference; explicitFileType = wrapper.cfbundle; includeInIndex = 0; path = lifeboard2Tests.xctest; sourceTree = BUILT_PRODUCTS_DIR; };
		1BA634491BA4AD1D0054A040 /* Info.plist */ = {isa = PBXFileReference; lastKnownFileType = text.plist.xml; path = Info.plist; sourceTree = "<group>"; };
		1BA6344A1BA4AD1D0054A040 /* lifeboard2Tests.swift */ = {isa = PBXFileReference; lastKnownFileType = sourcecode.swift; path = lifeboard2Tests.swift; sourceTree = "<group>"; };
/* End PBXFileReference section */

/* Begin PBXFrameworksBuildPhase section */
		1BA6342C1BA4AD1D0054A040 /* Frameworks */ = {
			isa = PBXFrameworksBuildPhase;
			buildActionMask = 2147483647;
			files = (
			);
			runOnlyForDeploymentPostprocessing = 0;
		};
		1BA634411BA4AD1D0054A040 /* Frameworks */ = {
			isa = PBXFrameworksBuildPhase;
			buildActionMask = 2147483647;
			files = (
			);
			runOnlyForDeploymentPostprocessing = 0;
		};
/* End PBXFrameworksBuildPhase section */

/* Begin PBXGroup section */
		1BA634261BA4AD1D0054A040 = {
			isa = PBXGroup;
			children = (
				1BA634311BA4AD1D0054A040 /* lifeboard2 */,
				1BA634471BA4AD1D0054A040 /* lifeboard2Tests */,
				1BA634301BA4AD1D0054A040 /* Products */,
			);
			sourceTree = "<group>";
		};
		1BA634301BA4AD1D0054A040 /* Products */ = {
			isa = PBXGroup;
			children = (
				1BA6342F1BA4AD1D0054A040 /* lifeboard2.app */,
				1BA634441BA4AD1D0054A040 /* lifeboard2Tests.xctest */,
			);
			name = Products;
			sourceTree = "<group>";
		};
		1BA634311BA4AD1D0054A040 /* lifeboard2 */ = {
			isa = PBXGroup;
			children = (
				1BA634341BA4AD1D0054A040 /* AppDelegate.swift */,
				1BA634361BA4AD1D0054A040 /* ViewController.swift */,
				1BA634381BA4AD1D0054A040 /* Main.storyboard */,
				1BA6343B1BA4AD1D0054A040 /* Images.xcassets */,
				1BA6343D1BA4AD1D0054A040 /* LaunchScreen.xib */,
				1BA634321BA4AD1D0054A040 /* Supporting Files */,
			);
			path = lifeboard2;
			sourceTree = "<group>";
		};
		1BA634321BA4AD1D0054A040 /* Supporting Files */ = {
			isa = PBXGroup;
			children = (
				1BA634331BA4AD1D0054A040 /* Info.plist */,
			);
			name = "Supporting Files";
			sourceTree = "<group>";
		};
		1BA634471BA4AD1D0054A040 /* lifeboard2Tests */ = {
			isa = PBXGroup;
			children = (
				1BA6344A1BA4AD1D0054A040 /* lifeboard2Tests.swift */,
				1BA634481BA4AD1D0054A040 /* Supporting Files */,
			);
			path = lifeboard2Tests;
			sourceTree = "<group>";
		};
		1BA634481BA4AD1D0054A040 /* Supporting Files */ = {
			isa = PBXGroup;
			children = (
				1BA634491BA4AD1D0054A040 /* Info.plist */,
			);
			name = "Supporting Files";
			sourceTree = "<group>";
		};
/* End PBXGroup section */

/* Begin PBXNativeTarget section */
		1BA6342E1BA4AD1D0054A040 /* lifeboard2 */ = {
			isa = PBXNativeTarget;
			buildConfigurationList = 1BA6344E1BA4AD1D0054A040 /* Build configuration list for PBXNativeTarget "lifeboard2" */;
			buildPhases = (
				1BA6342B1BA4AD1D0054A040 /* Sources */,
				1BA6342C1BA4AD1D0054A040 /* Frameworks */,
				1BA6342D1BA4AD1D0054A040 /* Resources */,
			);
			buildRules = (
			);
			dependencies = (
			);
			name = lifeboard2;
			productName = lifeboard2;
			productReference = 1BA6342F1BA4AD1D0054A040 /* lifeboard2.app */;
			productType = "com.apple.product-type.application";
		};
		1BA634431BA4AD1D0054A040 /* lifeboard2Tests */ = {
			isa = PBXNativeTarget;
			buildConfigurationList = 1BA634511BA4AD1D0054A040 /* Build configuration list for PBXNativeTarget "lifeboard2Tests" */;
			buildPhases = (
				1BA634401BA4AD1D0054A040 /* Sources */,
				1BA634411BA4AD1D0054A040 /* Frameworks */,
				1BA634421BA4AD1D0054A040 /* Resources */,
			);
			buildRules = (
			);
			dependencies = (
				1BA634461BA4AD1D0054A040 /* PBXTargetDependency */,
			);
			name = lifeboard2Tests;
			productName = lifeboard2Tests;
			productReference = 1BA634441BA4AD1D0054A040 /* lifeboard2Tests.xctest */;
			productType = "com.apple.product-type.bundle.unit-test";
		};
/* End PBXNativeTarget section */

/* Begin PBXProject section */
		1BA634271BA4AD1D0054A040 /* Project object */ = {
			isa = PBXProject;
			attributes = {
				LastUpgradeCheck = 0640;
				ORGANIZATIONNAME = "Dag Yeshiwas";
				TargetAttributes = {
					1BA6342E1BA4AD1D0054A040 = {
						CreatedOnToolsVersion = 6.4;
					};
					1BA634431BA4AD1D0054A040 = {
						CreatedOnToolsVersion = 6.4;
						TestTargetID = 1BA6342E1BA4AD1D0054A040;
					};
				};
			};
			buildConfigurationList = 1BA6342A1BA4AD1D0054A040 /* Build configuration list for PBXProject "lifeboard2" */;
			compatibilityVersion = "Xcode 3.2";
			developmentRegion = English;
			hasScannedForEncodings = 0;
			knownRegions = (
				en,
				Base,
			);
			mainGroup = 1BA634261BA4AD1D0054A040;
			productRefGroup = 1BA634301BA4AD1D0054A040 /* Products */;
			projectDirPath = "";
			projectRoot = "";
			targets = (
				1BA6342E1BA4AD1D0054A040 /* lifeboard2 */,
				1BA634431BA4AD1D0054A040 /* lifeboard2Tests */,
			);
		};
/* End PBXProject section */

/* Begin PBXResourcesBuildPhase section */
		1BA6342D1BA4AD1D0054A040 /* Resources */ = {
			isa = PBXResourcesBuildPhase;
			buildActionMask = 2147483647;
			files = (
				1BA6343A1BA4AD1D0054A040 /* Main.storyboard in Resources */,
				1BA6343F1BA4AD1D0054A040 /* LaunchScreen.xib in Resources */,
				1BA6343C1BA4AD1D0054A040 /* Images.xcassets in Resources */,
			);
			runOnlyForDeploymentPostprocessing = 0;
		};
		1BA634421BA4AD1D0054A040 /* Resources */ = {
			isa = PBXResourcesBuildPhase;
			buildActionMask = 2147483647;
			files = (
			);
			runOnlyForDeploymentPostprocessing = 0;
		};
/* End PBXResourcesBuildPhase section */

/* Begin PBXSourcesBuildPhase section */
		1BA6342B1BA4AD1D0054A040 /* Sources */ = {
			isa = PBXSourcesBuildPhase;
			buildActionMask = 2147483647;
			files = (
				1BA634371BA4AD1D0054A040 /* ViewController.swift in Sources */,
				1BA634351BA4AD1D0054A040 /* AppDelegate.swift in Sources */,
			);
			runOnlyForDeploymentPostprocessing = 0;
		};
		1BA634401BA4AD1D0054A040 /* Sources */ = {
			isa = PBXSourcesBuildPhase;
			buildActionMask = 2147483647;
			files = (
				1BA6344B1BA4AD1D0054A040 /* lifeboard2Tests.swift in Sources */,
			);
			runOnlyForDeploymentPostprocessing = 0;
		};
/* End PBXSourcesBuildPhase section */

/* Begin PBXTargetDependency section */
		1BA634461BA4AD1D0054A040 /* PBXTargetDependency */ = {
			isa = PBXTargetDependency;
			target = 1BA6342E1BA4AD1D0054A040 /* lifeboard2 */;
			targetProxy = 1BA634451BA4AD1D0054A040 /* PBXContainerItemProxy */;
		};
/* End PBXTargetDependency section */

/* Begin PBXVariantGroup section */
		1BA634381BA4AD1D0054A040 /* Main.storyboard */ = {
			isa = PBXVariantGroup;
			children = (
				1BA634391BA4AD1D0054A040 /* Base */,
			);
			name = Main.storyboard;
			sourceTree = "<group>";
		};
		1BA6343D1BA4AD1D0054A040 /* LaunchScreen.xib */ = {
			isa = PBXVariantGroup;
			children = (
				1BA6343E1BA4AD1D0054A040 /* Base */,
			);
			name = LaunchScreen.xib;
			sourceTree = "<group>";
		};
/* End PBXVariantGroup section */

/* Begin XCBuildConfiguration section */
		1BA6344C1BA4AD1D0054A040 /* Debug */ = {
			isa = XCBuildConfiguration;
			buildSettings = {
				ALWAYS_SEARCH_USER_PATHS = NO;
				CLANG_CXX_LANGUAGE_STANDARD = "gnu++0x";
				CLANG_CXX_LIBRARY = "libc++";
				CLANG_ENABLE_MODULES = YES;
				CLANG_ENABLE_OBJC_ARC = YES;
				CLANG_WARN_BOOL_CONVERSION = YES;
				CLANG_WARN_CONSTANT_CONVERSION = YES;
				CLANG_WARN_DIRECT_OBJC_ISA_USAGE = YES_ERROR;
				CLANG_WARN_EMPTY_BODY = YES;
				CLANG_WARN_ENUM_CONVERSION = YES;
				CLANG_WARN_INT_CONVERSION = YES;
				CLANG_WARN_OBJC_ROOT_CLASS = YES_ERROR;
				CLANG_WARN_UNREACHABLE_CODE = YES;
				CLANG_WARN__DUPLICATE_METHOD_MATCH = YES;
				"CODE_SIGN_IDENTITY[sdk=iphoneos*]" = "iPhone Developer";
				COPY_PHASE_STRIP = NO;
				DEBUG_INFORMATION_FORMAT = "dwarf-with-dsym";
				ENABLE_STRICT_OBJC_MSGSEND = YES;
				GCC_C_LANGUAGE_STANDARD = gnu99;
				GCC_DYNAMIC_NO_PIC = NO;
				GCC_NO_COMMON_BLOCKS = YES;
				GCC_OPTIMIZATION_LEVEL = 0;
				GCC_PREPROCESSOR_DEFINITIONS = (
					"DEBUG=1",
					"$(inherited)",
				);
				GCC_SYMBOLS_PRIVATE_EXTERN = NO;
				GCC_WARN_64_TO_32_BIT_CONVERSION = YES;
				GCC_WARN_ABOUT_RETURN_TYPE = YES_ERROR;
				GCC_WARN_UNDECLARED_SELECTOR = YES;
				GCC_WARN_UNINITIALIZED_AUTOS = YES_AGGRESSIVE;
				GCC_WARN_UNUSED_FUNCTION = YES;
				GCC_WARN_UNUSED_VARIABLE = YES;
				IPHONEOS_DEPLOYMENT_TARGET = 8.4;
				MTL_ENABLE_DEBUG_INFO = YES;
				ONLY_ACTIVE_ARCH = YES;
				SDKROOT = iphoneos;
				SWIFT_OPTIMIZATION_LEVEL = "-Onone";
				TARGETED_DEVICE_FAMILY = "1,2";
			};
			name = Debug;
		};
		1BA6344D1BA4AD1D0054A040 /* Release */ = {
			isa = XCBuildConfiguration;
			buildSettings = {
				ALWAYS_SEARCH_USER_PATHS = NO;
				CLANG_CXX_LANGUAGE_STANDARD = "gnu++0x";
				CLANG_CXX_LIBRARY = "libc++";
				CLANG_ENABLE_MODULES = YES;
				CLANG_ENABLE_OBJC_ARC = YES;
				CLANG_WARN_BOOL_CONVERSION = YES;
				CLANG_WARN_CONSTANT_CONVERSION = YES;
				CLANG_WARN_DIRECT_OBJC_ISA_USAGE = YES_ERROR;
				CLANG_WARN_EMPTY_BODY = YES;
				CLANG_WARN_ENUM_CONVERSION = YES;
				CLANG_WARN_INT_CONVERSION = YES;
				CLANG_WARN_OBJC_ROOT_CLASS = YES_ERROR;
				CLANG_WARN_UNREACHABLE_CODE = YES;
				CLANG_WARN__DUPLICATE_METHOD_MATCH = YES;
				"CODE_SIGN_IDENTITY[sdk=iphoneos*]" = "iPhone Developer";
				COPY_PHASE_STRIP = NO;
				DEBUG_INFORMATION_FORMAT = "dwarf-with-dsym";
				ENABLE_NS_ASSERTIONS = NO;
				ENABLE_STRICT_OBJC_MSGSEND = YES;
				GCC_C_LANGUAGE_STANDARD = gnu99;
				GCC_NO_COMMON_BLOCKS = YES;
				GCC_WARN_64_TO_32_BIT_CONVERSION = YES;
				GCC_WARN_ABOUT_RETURN_TYPE = YES_ERROR;
				GCC_WARN_UNDECLARED_SELECTOR = YES;
				GCC_WARN_UNINITIALIZED_AUTOS = YES_AGGRESSIVE;
				GCC_WARN_UNUSED_FUNCTION = YES;
				GCC_WARN_UNUSED_VARIABLE = YES;
				IPHONEOS_DEPLOYMENT_TARGET = 8.4;
				MTL_ENABLE_DEBUG_INFO = NO;
				SDKROOT = iphoneos;
				TARGETED_DEVICE_FAMILY = "1,2";
				VALIDATE_PRODUCT = YES;
			};
			name = Release;
		};
		1BA6344F1BA4AD1D0054A040 /* Debug */ = {
			isa = XCBuildConfiguration;
			buildSettings = {
				ASSETCATALOG_COMPILER_APPICON_NAME = AppIcon;
				INFOPLIST_FILE = lifeboard2/Info.plist;
				LD_RUNPATH_SEARCH_PATHS = "$(inherited) @executable_path/Frameworks";
				PRODUCT_NAME = "$(TARGET_NAME)";
			};
			name = Debug;
		};
		1BA634501BA4AD1D0054A040 /* Release */ = {
			isa = XCBuildConfiguration;
			buildSettings = {
				ASSETCATALOG_COMPILER_APPICON_NAME = AppIcon;
				INFOPLIST_FILE = lifeboard2/Info.plist;
				LD_RUNPATH_SEARCH_PATHS = "$(inherited) @executable_path/Frameworks";
				PRODUCT_NAME = "$(TARGET_NAME)";
			};
			name = Release;
		};
		1BA634521BA4AD1D0054A040 /* Debug */ = {
			isa = XCBuildConfiguration;
			buildSettings = {
				BUNDLE_LOADER = "$(TEST_HOST)";
				FRAMEWORK_SEARCH_PATHS = (
					"$(SDKROOT)/Developer/Library/Frameworks",
					"$(inherited)",
				);
				GCC_PREPROCESSOR_DEFINITIONS = (
					"DEBUG=1",
					"$(inherited)",
				);
				INFOPLIST_FILE = lifeboard2Tests/Info.plist;
				LD_RUNPATH_SEARCH_PATHS = "$(inherited) @executable_path/Frameworks @loader_path/Frameworks";
				PRODUCT_NAME = "$(TARGET_NAME)";
				TEST_HOST = "$(BUILT_PRODUCTS_DIR)/lifeboard2.app/lifeboard2";
			};
			name = Debug;
		};
		1BA634531BA4AD1D0054A040 /* Release */ = {
			isa = XCBuildConfiguration;
			buildSettings = {
				BUNDLE_LOADER = "$(TEST_HOST)";
				FRAMEWORK_SEARCH_PATHS = (
					"$(SDKROOT)/Developer/Library/Frameworks",
					"$(inherited)",
				);
				INFOPLIST_FILE = lifeboard2Tests/Info.plist;
				LD_RUNPATH_SEARCH_PATHS = "$(inherited) @executable_path/Frameworks @loader_path/Frameworks";
				PRODUCT_NAME = "$(TARGET_NAME)";
				TEST_HOST = "$(BUILT_PRODUCTS_DIR)/lifeboard2.app/lifeboard2";
			};
			name = Release;
		};
/* End XCBuildConfiguration section */

/* Begin XCConfigurationList section */
		1BA6342A1BA4AD1D0054A040 /* Build configuration list for PBXProject "lifeboard2" */ = {
			isa = XCConfigurationList;
			buildConfigurations = (
				1BA6344C1BA4AD1D0054A040 /* Debug */,
				1BA6344D1BA4AD1D0054A040 /* Release */,
			);
			defaultConfigurationIsVisible = 0;
			defaultConfigurationName = Release;
		};
		1BA6344E1BA4AD1D0054A040 /* Build configuration list for PBXNativeTarget "lifeboard2" */ = {
			isa = XCConfigurationList;
			buildConfigurations = (
				1BA6344F1BA4AD1D0054A040 /* Debug */,
				1BA634501BA4AD1D0054A040 /* Release */,
			);
			defaultConfigurationIsVisible = 0;
		};
		1BA634511BA4AD1D0054A040 /* Build configuration list for PBXNativeTarget "lifeboard2Tests" */ = {
			isa = XCConfigurationList;
			buildConfigurations = (
				1BA634521BA4AD1D0054A040 /* Debug */,
				1BA634531BA4AD1D0054A040 /* Release */,
			);
			defaultConfigurationIsVisible = 0;
		};
/* End XCConfigurationList section */
	};
	rootObject = 1BA634271BA4AD1D0054A040 /* Project object */;
}
